
Microsoft Visual Studio Solution File, Format Version 12.00
# Visual Studio Version 16
VisualStudioVersion = 16.0.31605.320
MinimumVisualStudioVersion = 10.0.40219.1
Project("{8BC9CEB8-8B4A-11D0-8D11-00A0C91BC942}") = "MyList", "MyList.vcxproj", "{5405F088-946C-4AC1-BD38-9735BF34B0C7}"
EndProject
Global
	GlobalSection(SolutionConfigurationPlatforms) = preSolution
		Debug|x64 = Debug|x64
		Debug|x86 = Debug|x86
		Release|x64 = Release|x64
		Release|x86 = Release|x86
	EndGlobalSection
	GlobalSection(ProjectConfigurationPlatforms) = postSolution
		{5405F088-946C-4AC1-BD38-9735BF34B0C7}.Debug|x64.ActiveCfg = Debug|x64
		{5405F088-946C-4AC1-BD38-9735BF34B0C7}.Debug|x64.Build.0 = Debug|x64
		{5405F088-946C-4AC1-BD38-9735BF34B0C7}.Debug|x86.ActiveCfg = Debug|Win32
		{5405F088-946C-4AC1-BD38-9735BF34B0C7}.Debug|x86.Build.0 = Debug|Win32
		{5405F088-946C-4AC1-BD38-9735BF34B0C7}.Release|x64.ActiveCfg = Release|x64
		{5405F088-946C-4AC1-BD38-9735BF34B0C7}.Release|x64.Build.0 = Release|x64
		{5405F088-946C-4AC1-BD38-9735BF34B0C7}.Release|x86.ActiveCfg = Release|Win32
		{5405F088-946C-4AC1-BD38-9735BF34B0C7}.Release|x86.Build.0 = Release|Win32
	EndGlobalSection
	GlobalSection(SolutionProperties) = preSolution
		HideSolutionNode = FALSE
	EndGlobalSection
	GlobalSection(ExtensibilityGlobals) = postSolution
		SolutionGuid = {07308CB1-2A09-4BF3-B885-4D8883CBE22F}
	EndGlobalSection
EndGlobal
